
Microsoft Visual Studio Solution File, Format Version 12.00
# Visual Studio Version 17
VisualStudioVersion = 17.3.32804.467
MinimumVisualStudioVersion = 10.0.40219.1

Project("{FAE04EC0-301F-11D3-BF4B-00C04F79EFBC}") = "ClinicApp.App", "Backend\ClinicApp.App\ClinicApp.App.csproj", "{4560716A-3784-4AE1-A1EC-379E116472FA}"
EndProject
Project("{FAE04EC0-301F-11D3-BF4B-00C04F79EFBC}") = "ApiContracts", "ApiContracts\ApiContracts.csproj", "{60C87940-3B5C-49DE-9429-C869B4B52DE0}"
EndProject
Project("{FAE04EC0-301F-11D3-BF4B-00C04F79EFBC}") = "ClinicApp.Application", "Backend\ClinicApp.Application\ClinicApp.Application.csproj", "{24CBA7AB-7556-439E-8691-4B94BC7F4028}"
EndProject
Project("{FAE04EC0-301F-11D3-BF4B-00C04F79EFBC}") = "ClinicApp.Domain", "Backend\ClinicApp.Domain\ClinicApp.Domain.csproj", "{C38E0538-58CD-4EBD-AB63-795384D8EABD}"
EndProject
Project("{FAE04EC0-301F-11D3-BF4B-00C04F79EFBC}") = "ClinicApp.Infrastructure", "Backend\ClinicApp.Infrastructure\ClinicApp.Infrastructure.csproj", "{5C369EFB-0D7E-42E4-9380-FFADCEF3A7D2}"
EndProject
Project("{FAE04EC0-301F-11D3-BF4B-00C04F79EFBC}") = "ClinicApp.Presentation", "Backend\ClinicApp.Presentation\ClinicApp.Presentation.csproj", "{42F8078B-0E30-4F60-825F-E96B23878BA0}"
EndProject
Project("{FAE04EC0-301F-11D3-BF4B-00C04F79EFBC}") = "ClinicApp.IntegrationTests", "Backend\ClinicApp.IntegrationTests\ClinicApp.IntegrationTests.csproj", "{B94E1A4A-4673-4946-9CF0-2CAB2CB01A6A}"
EndProject
Project("{FAE04EC0-301F-11D3-BF4B-00C04F79EFBC}") = "ClinicApp.UnitTests", "Backend\ClinicApp.UnitTests\ClinicApp.UnitTests.csproj", "{05431AB0-99C0-4E8C-88D1-31A0570DACB9}"
EndProject
Project("{2150E333-8FDC-42A3-9474-1A3956D46DE8}") = "Tests", "Tests", "{E2065D5A-C9FC-409F-8A84-B7A71C8A85F6}"
EndProject
Project("{2150E333-8FDC-42A3-9474-1A3956D46DE8}") = "Frontend", "Frontend", "{C1E22C9C-0DDE-489B-B624-3C11448004E9}"
EndProject
Project("{FAE04EC0-301F-11D3-BF4B-00C04F79EFBC}") = "Frontend", "Frontend\Frontend.csproj", "{21A681A1-F436-451A-91D6-09EDDE3E9D6C}"
EndProject
Global
	GlobalSection(SolutionConfigurationPlatforms) = preSolution
		Debug|Any CPU = Debug|Any CPU
		Release|Any CPU = Release|Any CPU
	EndGlobalSection
	GlobalSection(ProjectConfigurationPlatforms) = postSolution
		{EEE3A58F-C453-4265-B6B1-D4EE56CB5BD6}.Debug|Any CPU.ActiveCfg = Debug|Any CPU
		{EEE3A58F-C453-4265-B6B1-D4EE56CB5BD6}.Release|Any CPU.ActiveCfg = Release|Any CPU
		{EEE3A58F-C453-4265-B6B1-D4EE56CB5BD6}.Release|Any CPU.Build.0 = Release|Any CPU
		{EEE3A58F-C453-4265-B6B1-D4EE56CB5BD6}.Debug|Any CPU.Build.0 = Debug|Any CPU
		{1C2DF747-1CF6-4B80-9309-AF234696D726}.Debug|Any CPU.ActiveCfg = Debug|Any CPU
		{1C2DF747-1CF6-4B80-9309-AF234696D726}.Release|Any CPU.ActiveCfg = Release|Any CPU
		{1C2DF747-1CF6-4B80-9309-AF234696D726}.Release|Any CPU.Build.0 = Release|Any CPU
		{1C2DF747-1CF6-4B80-9309-AF234696D726}.Debug|Any CPU.Build.0 = Debug|Any CPU
		{93F72813-30F0-4BEA-BC98-34B467781792}.Debug|Any CPU.ActiveCfg = Debug|Any CPU
		{93F72813-30F0-4BEA-BC98-34B467781792}.Debug|Any CPU.Build.0 = Debug|Any CPU
		{93F72813-30F0-4BEA-BC98-34B467781792}.Release|Any CPU.ActiveCfg = Release|Any CPU
		{93F72813-30F0-4BEA-BC98-34B467781792}.Release|Any CPU.Build.0 = Release|Any CPU
		{6237D882-011D-4AF9-A2A3-43DB19CC5B59}.Debug|Any CPU.ActiveCfg = Debug|Any CPU
		{6237D882-011D-4AF9-A2A3-43DB19CC5B59}.Release|Any CPU.ActiveCfg = Release|Any CPU
		{6237D882-011D-4AF9-A2A3-43DB19CC5B59}.Release|Any CPU.Build.0 = Release|Any CPU
		{6237D882-011D-4AF9-A2A3-43DB19CC5B59}.Debug|Any CPU.Build.0 = Debug|Any CPU
		{DFD59C63-9D38-4275-80CE-31D4289F38E3}.Debug|Any CPU.ActiveCfg = Debug|Any CPU
		{DFD59C63-9D38-4275-80CE-31D4289F38E3}.Release|Any CPU.ActiveCfg = Release|Any CPU
		{DFD59C63-9D38-4275-80CE-31D4289F38E3}.Release|Any CPU.Build.0 = Release|Any CPU
		{DFD59C63-9D38-4275-80CE-31D4289F38E3}.Debug|Any CPU.Build.0 = Debug|Any CPU
		{4FBA88BD-DAB0-4604-B7D1-C7A65FD5FB05}.Debug|Any CPU.ActiveCfg = Debug|Any CPU
		{4FBA88BD-DAB0-4604-B7D1-C7A65FD5FB05}.Release|Any CPU.ActiveCfg = Release|Any CPU
		{4FBA88BD-DAB0-4604-B7D1-C7A65FD5FB05}.Release|Any CPU.Build.0 = Release|Any CPU
		{4FBA88BD-DAB0-4604-B7D1-C7A65FD5FB05}.Debug|Any CPU.Build.0 = Debug|Any CPU
		{446CE240-EE8E-4F10-A3FC-07D4E609F802}.Debug|Any CPU.ActiveCfg = Debug|Any CPU
		{446CE240-EE8E-4F10-A3FC-07D4E609F802}.Debug|Any CPU.Build.0 = Debug|Any CPU
		{446CE240-EE8E-4F10-A3FC-07D4E609F802}.Release|Any CPU.ActiveCfg = Release|Any CPU
		{446CE240-EE8E-4F10-A3FC-07D4E609F802}.Release|Any CPU.Build.0 = Release|Any CPU
		{AAEF711C-459E-43B8-8A7D-C2DFD2EB5951}.Debug|Any CPU.ActiveCfg = Debug|Any CPU
		{AAEF711C-459E-43B8-8A7D-C2DFD2EB5951}.Debug|Any CPU.Build.0 = Debug|Any CPU
		{AAEF711C-459E-43B8-8A7D-C2DFD2EB5951}.Release|Any CPU.ActiveCfg = Release|Any CPU
		{AAEF711C-459E-43B8-8A7D-C2DFD2EB5951}.Release|Any CPU.Build.0 = Release|Any CPU
		{4560716A-3784-4AE1-A1EC-379E116472FA}.Debug|Any CPU.ActiveCfg = Debug|Any CPU
		{4560716A-3784-4AE1-A1EC-379E116472FA}.Debug|Any CPU.Build.0 = Debug|Any CPU
		{4560716A-3784-4AE1-A1EC-379E116472FA}.Release|Any CPU.ActiveCfg = Release|Any CPU
		{4560716A-3784-4AE1-A1EC-379E116472FA}.Release|Any CPU.Build.0 = Release|Any CPU
		{60C87940-3B5C-49DE-9429-C869B4B52DE0}.Debug|Any CPU.ActiveCfg = Debug|Any CPU
		{60C87940-3B5C-49DE-9429-C869B4B52DE0}.Debug|Any CPU.Build.0 = Debug|Any CPU
		{60C87940-3B5C-49DE-9429-C869B4B52DE0}.Release|Any CPU.ActiveCfg = Release|Any CPU
		{60C87940-3B5C-49DE-9429-C869B4B52DE0}.Release|Any CPU.Build.0 = Release|Any CPU
		{24CBA7AB-7556-439E-8691-4B94BC7F4028}.Debug|Any CPU.ActiveCfg = Debug|Any CPU
		{24CBA7AB-7556-439E-8691-4B94BC7F4028}.Debug|Any CPU.Build.0 = Debug|Any CPU
		{24CBA7AB-7556-439E-8691-4B94BC7F4028}.Release|Any CPU.ActiveCfg = Release|Any CPU
		{24CBA7AB-7556-439E-8691-4B94BC7F4028}.Release|Any CPU.Build.0 = Release|Any CPU
		{C38E0538-58CD-4EBD-AB63-795384D8EABD}.Debug|Any CPU.ActiveCfg = Debug|Any CPU
		{C38E0538-58CD-4EBD-AB63-795384D8EABD}.Debug|Any CPU.Build.0 = Debug|Any CPU
		{C38E0538-58CD-4EBD-AB63-795384D8EABD}.Release|Any CPU.ActiveCfg = Release|Any CPU
		{C38E0538-58CD-4EBD-AB63-795384D8EABD}.Release|Any CPU.Build.0 = Release|Any CPU
		{5C369EFB-0D7E-42E4-9380-FFADCEF3A7D2}.Debug|Any CPU.ActiveCfg = Debug|Any CPU
		{5C369EFB-0D7E-42E4-9380-FFADCEF3A7D2}.Debug|Any CPU.Build.0 = Debug|Any CPU
		{5C369EFB-0D7E-42E4-9380-FFADCEF3A7D2}.Release|Any CPU.ActiveCfg = Release|Any CPU
		{5C369EFB-0D7E-42E4-9380-FFADCEF3A7D2}.Release|Any CPU.Build.0 = Release|Any CPU
		{42F8078B-0E30-4F60-825F-E96B23878BA0}.Debug|Any CPU.ActiveCfg = Debug|Any CPU
		{42F8078B-0E30-4F60-825F-E96B23878BA0}.Debug|Any CPU.Build.0 = Debug|Any CPU
		{42F8078B-0E30-4F60-825F-E96B23878BA0}.Release|Any CPU.ActiveCfg = Release|Any CPU
		{42F8078B-0E30-4F60-825F-E96B23878BA0}.Release|Any CPU.Build.0 = Release|Any CPU
		{B94E1A4A-4673-4946-9CF0-2CAB2CB01A6A}.Debug|Any CPU.ActiveCfg = Debug|Any CPU
		{B94E1A4A-4673-4946-9CF0-2CAB2CB01A6A}.Debug|Any CPU.Build.0 = Debug|Any CPU
		{B94E1A4A-4673-4946-9CF0-2CAB2CB01A6A}.Release|Any CPU.ActiveCfg = Release|Any CPU
		{B94E1A4A-4673-4946-9CF0-2CAB2CB01A6A}.Release|Any CPU.Build.0 = Release|Any CPU
		{05431AB0-99C0-4E8C-88D1-31A0570DACB9}.Debug|Any CPU.ActiveCfg = Debug|Any CPU
		{05431AB0-99C0-4E8C-88D1-31A0570DACB9}.Debug|Any CPU.Build.0 = Debug|Any CPU
		{05431AB0-99C0-4E8C-88D1-31A0570DACB9}.Release|Any CPU.ActiveCfg = Release|Any CPU
		{05431AB0-99C0-4E8C-88D1-31A0570DACB9}.Release|Any CPU.Build.0 = Release|Any CPU
		{21A681A1-F436-451A-91D6-09EDDE3E9D6C}.Debug|Any CPU.ActiveCfg = Debug|Any CPU
		{21A681A1-F436-451A-91D6-09EDDE3E9D6C}.Debug|Any CPU.Build.0 = Debug|Any CPU
		{21A681A1-F436-451A-91D6-09EDDE3E9D6C}.Release|Any CPU.ActiveCfg = Release|Any CPU
		{21A681A1-F436-451A-91D6-09EDDE3E9D6C}.Release|Any CPU.Build.0 = Release|Any CPU
	EndGlobalSection
	GlobalSection(SolutionProperties) = preSolution
		HideSolutionNode = FALSE
	EndGlobalSection
	GlobalSection(NestedProjects) = preSolution
		{B94E1A4A-4673-4946-9CF0-2CAB2CB01A6A} = {E2065D5A-C9FC-409F-8A84-B7A71C8A85F6}
		{05431AB0-99C0-4E8C-88D1-31A0570DACB9} = {E2065D5A-C9FC-409F-8A84-B7A71C8A85F6}
		{21A681A1-F436-451A-91D6-09EDDE3E9D6C} = {C1E22C9C-0DDE-489B-B624-3C11448004E9}
	EndGlobalSection
	GlobalSection(ExtensibilityGlobals) = postSolution
		SolutionGuid = {C8D46A31-FFE1-4C92-B344-FADBAD683E6E}
	EndGlobalSection
EndGlobal
